
Microsoft Visual Studio Solution File, Format Version 12.00
# Visual Studio Version 17
VisualStudioVersion = 17.7.34031.279
MinimumVisualStudioVersion = 10.0.40219.1
Project("{9A19103F-16F7-4668-BE54-9A1E7A4F7556}") = "Sales.Shared", "Sales.Shared\Sales.Shared.csproj", "{635476A3-4B8E-410D-8485-27DE566F8977}"
EndProject
Project("{9A19103F-16F7-4668-BE54-9A1E7A4F7556}") = "Sales.API", "Sales.API\Sales.API.csproj", "{011F1AA7-3C0F-41A3-AA8D-DD0DD2D817CA}"
EndProject
Project("{9A19103F-16F7-4668-BE54-9A1E7A4F7556}") = "Blazor.WEB", "Blazor.WEB\Blazor.WEB.csproj", "{921CBB93-E913-428B-8F6E-73681A76B2BB}"
EndProject
Project("{9A19103F-16F7-4668-BE54-9A1E7A4F7556}") = "Sales.Mobile", "Sales.Mobile\Sales.Mobile.csproj", "{01AA7482-DCCD-4F54-BE96-BE4AFE6714A0}"
EndProject
Global
	GlobalSection(SolutionConfigurationPlatforms) = preSolution
		Debug|Any CPU = Debug|Any CPU
		Release|Any CPU = Release|Any CPU
	EndGlobalSection
	GlobalSection(ProjectConfigurationPlatforms) = postSolution
		{635476A3-4B8E-410D-8485-27DE566F8977}.Debug|Any CPU.ActiveCfg = Debug|Any CPU
		{635476A3-4B8E-410D-8485-27DE566F8977}.Debug|Any CPU.Build.0 = Debug|Any CPU
		{635476A3-4B8E-410D-8485-27DE566F8977}.Release|Any CPU.ActiveCfg = Release|Any CPU
		{635476A3-4B8E-410D-8485-27DE566F8977}.Release|Any CPU.Build.0 = Release|Any CPU
		{011F1AA7-3C0F-41A3-AA8D-DD0DD2D817CA}.Debug|Any CPU.ActiveCfg = Debug|Any CPU
		{011F1AA7-3C0F-41A3-AA8D-DD0DD2D817CA}.Debug|Any CPU.Build.0 = Debug|Any CPU
		{011F1AA7-3C0F-41A3-AA8D-DD0DD2D817CA}.Release|Any CPU.ActiveCfg = Release|Any CPU
		{011F1AA7-3C0F-41A3-AA8D-DD0DD2D817CA}.Release|Any CPU.Build.0 = Release|Any CPU
		{921CBB93-E913-428B-8F6E-73681A76B2BB}.Debug|Any CPU.ActiveCfg = Debug|Any CPU
		{921CBB93-E913-428B-8F6E-73681A76B2BB}.Debug|Any CPU.Build.0 = Debug|Any CPU
		{921CBB93-E913-428B-8F6E-73681A76B2BB}.Release|Any CPU.ActiveCfg = Release|Any CPU
		{921CBB93-E913-428B-8F6E-73681A76B2BB}.Release|Any CPU.Build.0 = Release|Any CPU
		{01AA7482-DCCD-4F54-BE96-BE4AFE6714A0}.Debug|Any CPU.ActiveCfg = Debug|Any CPU
		{01AA7482-DCCD-4F54-BE96-BE4AFE6714A0}.Debug|Any CPU.Build.0 = Debug|Any CPU
		{01AA7482-DCCD-4F54-BE96-BE4AFE6714A0}.Debug|Any CPU.Deploy.0 = Debug|Any CPU
		{01AA7482-DCCD-4F54-BE96-BE4AFE6714A0}.Release|Any CPU.ActiveCfg = Release|Any CPU
		{01AA7482-DCCD-4F54-BE96-BE4AFE6714A0}.Release|Any CPU.Build.0 = Release|Any CPU
		{01AA7482-DCCD-4F54-BE96-BE4AFE6714A0}.Release|Any CPU.Deploy.0 = Release|Any CPU
	EndGlobalSection
	GlobalSection(SolutionProperties) = preSolution
		HideSolutionNode = FALSE
	EndGlobalSection
	GlobalSection(ExtensibilityGlobals) = postSolution
		SolutionGuid = {0DF06066-D8C9-488C-9567-F0CAAEAB5DF4}
	EndGlobalSection
EndGlobal
